
Microsoft Visual Studio Solution File, Format Version 12.00
# Visual Studio 14
VisualStudioVersion = 14.0.25420.1
MinimumVisualStudioVersion = 10.0.40219.1
Project("{FAE04EC0-301F-11D3-BF4B-00C04F79EFBC}") = "Prueba", "Prueba\Prueba.csproj", "{8917888F-F5BE-4E6E-BA21-A30D030EAA26}"
EndProject
Project("{FAE04EC0-301F-11D3-BF4B-00C04F79EFBC}") = "DAL", "DAL\DAL.csproj", "{E6F01C7B-018D-4A48-9095-96CA48916005}"
EndProject
Project("{FAE04EC0-301F-11D3-BF4B-00C04F79EFBC}") = "BLL", "BLL\BLL.csproj", "{606BEF19-F054-4278-94F0-26BDABF0A7F5}"
EndProject
Project("{FAE04EC0-301F-11D3-BF4B-00C04F79EFBC}") = "UI", "UI\UI.csproj", "{0299BF2F-43D3-4937-B3BA-2A38BF3E2D90}"
EndProject
Global
	GlobalSection(SolutionConfigurationPlatforms) = preSolution
		Debug|Any CPU = Debug|Any CPU
		Release|Any CPU = Release|Any CPU
	EndGlobalSection
	GlobalSection(ProjectConfigurationPlatforms) = postSolution
		{8917888F-F5BE-4E6E-BA21-A30D030EAA26}.Debug|Any CPU.ActiveCfg = Debug|Any CPU
		{8917888F-F5BE-4E6E-BA21-A30D030EAA26}.Debug|Any CPU.Build.0 = Debug|Any CPU
		{8917888F-F5BE-4E6E-BA21-A30D030EAA26}.Release|Any CPU.ActiveCfg = Release|Any CPU
		{8917888F-F5BE-4E6E-BA21-A30D030EAA26}.Release|Any CPU.Build.0 = Release|Any CPU
		{E6F01C7B-018D-4A48-9095-96CA48916005}.Debug|Any CPU.ActiveCfg = Debug|Any CPU
		{E6F01C7B-018D-4A48-9095-96CA48916005}.Debug|Any CPU.Build.0 = Debug|Any CPU
		{E6F01C7B-018D-4A48-9095-96CA48916005}.Release|Any CPU.ActiveCfg = Release|Any CPU
		{E6F01C7B-018D-4A48-9095-96CA48916005}.Release|Any CPU.Build.0 = Release|Any CPU
		{606BEF19-F054-4278-94F0-26BDABF0A7F5}.Debug|Any CPU.ActiveCfg = Debug|Any CPU
		{606BEF19-F054-4278-94F0-26BDABF0A7F5}.Debug|Any CPU.Build.0 = Debug|Any CPU
		{606BEF19-F054-4278-94F0-26BDABF0A7F5}.Release|Any CPU.ActiveCfg = Release|Any CPU
		{606BEF19-F054-4278-94F0-26BDABF0A7F5}.Release|Any CPU.Build.0 = Release|Any CPU
		{0299BF2F-43D3-4937-B3BA-2A38BF3E2D90}.Debug|Any CPU.ActiveCfg = Debug|Any CPU
		{0299BF2F-43D3-4937-B3BA-2A38BF3E2D90}.Debug|Any CPU.Build.0 = Debug|Any CPU
		{0299BF2F-43D3-4937-B3BA-2A38BF3E2D90}.Release|Any CPU.ActiveCfg = Release|Any CPU
		{0299BF2F-43D3-4937-B3BA-2A38BF3E2D90}.Release|Any CPU.Build.0 = Release|Any CPU
	EndGlobalSection
	GlobalSection(SolutionProperties) = preSolution
		HideSolutionNode = FALSE
	EndGlobalSection
EndGlobal
